<?xml version="1.0" encoding="utf-8"?>
<Project ToolsVersion="4.0" xmlns="http://schemas.microsoft.com/developer/msbuild/2003">
  <ItemGroup>
    <Filter Include="Spec">
      <UniqueIdentifier>{0535507c-19c4-4370-b768-5a6f41c86b49}</UniqueIdentifier>
    </Filter>
    <Filter Include="Compress">
      <UniqueIdentifier>{d00a66fb-dfc9-4a2a-bb27-687e1805febc}</UniqueIdentifier>
    </Filter>
    <Filter Include="Windows">
      <UniqueIdentifier>{5407cf82-406e-4cd4-a662-036d47f2c8ae}</UniqueIdentifier>
    </Filter>
    <Filter Include="Common">
      <UniqueIdentifier>{79a2550f-e179-49d8-95e4-69539f4a2ca9}</UniqueIdentifier>
    </Filter>
    <Filter Include="7zip Common">
      <UniqueIdentifier>{25f2c5ce-f0df-44b4-b66b-630fa56b4725}</UniqueIdentifier>
    </Filter>
    <Filter Include="UI Common">
      <UniqueIdentifier>{9f4b9933-a188-40e2-8cbf-a30537f89aea}</UniqueIdentifier>
    </Filter>
    <Filter Include="Console">
      <UniqueIdentifier>{896b67c2-42ca-4855-9236-5c7fa36b5549}</UniqueIdentifier>
    </Filter>
    <Filter Include="C">
      <UniqueIdentifier>{ea820e33-66dd-4462-b881-963df5d2ac9d}</UniqueIdentifier>
    </Filter>
  </ItemGroup>
  <ItemGroup>
    <ClCompile Include="StdAfx.cpp">
      <Filter>Spec</Filter>
    </ClCompile>
    <ClCompile Include="..\..\Compress\LzmaDecoder.cpp">
      <Filter>Compress</Filter>
    </ClCompile>
    <ClCompile Include="..\..\Compress\LzmaEncoder.cpp">
      <Filter>Compress</Filter>
    </ClCompile>
    <ClCompile Include="..\..\Compress\LzmaRegister.cpp">
      <Filter>Compress</Filter>
    </ClCompile>
    <ClCompile Include="..\..\..\Windows\FileIO.cpp">
      <Filter>Windows</Filter>
    </ClCompile>
    <ClCompile Include="..\..\..\Windows\Synchronization.cpp">
      <Filter>Windows</Filter>
    </ClCompile>
    <ClCompile Include="..\..\..\Windows\System.cpp">
      <Filter>Windows</Filter>
    </ClCompile>
    <ClCompile Include="..\..\..\Common\CommandLineParser.cpp">
      <Filter>Common</Filter>
    </ClCompile>
    <ClCompile Include="..\..\..\Common\CRC.cpp">
      <Filter>Common</Filter>
    </ClCompile>
    <ClCompile Include="..\..\..\Common\IntToString.cpp">
      <Filter>Common</Filter>
    </ClCompile>
    <ClCompile Include="..\..\..\Common\MyString.cpp">
      <Filter>Common</Filter>
    </ClCompile>
    <ClCompile Include="..\..\..\Common\MyVector.cpp">
      <Filter>Common</Filter>
    </ClCompile>
    <ClCompile Include="..\..\..\Common\NewHandler.cpp">
      <Filter>Common</Filter>
    </ClCompile>
    <ClCompile Include="..\..\..\Common\StringConvert.cpp">
      <Filter>Common</Filter>
    </ClCompile>
    <ClCompile Include="..\..\..\Common\StringToInt.cpp">
      <Filter>Common</Filter>
    </ClCompile>
    <ClCompile Include="..\..\Common\CreateCoder.cpp">
      <Filter>7zip Common</Filter>
    </ClCompile>
    <ClCompile Include="..\..\Common\CWrappers.cpp">
      <Filter>7zip Common</Filter>
    </ClCompile>
    <ClCompile Include="..\..\Common\FileStreams.cpp">
      <Filter>7zip Common</Filter>
    </ClCompile>
    <ClCompile Include="..\..\Common\FilterCoder.cpp">
      <Filter>7zip Common</Filter>
    </ClCompile>
    <ClCompile Include="..\..\Common\StreamUtils.cpp">
      <Filter>7zip Common</Filter>
    </ClCompile>
    <ClCompile Include="..\..\UI\Common\Bench.cpp">
      <Filter>UI Common</Filter>
    </ClCompile>
    <ClCompile Include="..\..\UI\Common\LoadCodecs.cpp">
      <Filter>UI Common</Filter>
    </ClCompile>
    <ClCompile Include="..\..\UI\Console\BenchCon.cpp">
      <Filter>Console</Filter>
    </ClCompile>
    <ClCompile Include="..\..\UI\Console\ConsoleClose.cpp">
      <Filter>Console</Filter>
    </ClCompile>
    <ClCompile Include="LzmaAlone.cpp" />
    <ClCompile Include="..\..\..\c\7zAlloc.c">
      <Filter>C</Filter>
    </ClCompile>
    <ClCompile Include="..\..\..\c\7zBuf.c">
      <Filter>C</Filter>
    </ClCompile>
    <ClCompile Include="..\..\..\c\7zBuf2.c">
      <Filter>C</Filter>
    </ClCompile>
    <ClCompile Include="..\..\..\c\7zCrc.c">
      <Filter>C</Filter>
    </ClCompile>
    <ClCompile Include="..\..\..\c\7zCrcOpt.c">
      <Filter>C</Filter>
    </ClCompile>
    <ClCompile Include="..\..\..\c\7zDec.c">
      <Filter>C</Filter>
    </ClCompile>
    <ClCompile Include="..\..\..\c\7zFile.c">
      <Filter>C</Filter>
    </ClCompile>
    <ClCompile Include="..\..\..\c\7zIn.c">
      <Filter>C</Filter>
    </ClCompile>
    <ClCompile Include="..\..\..\c\7zStream.c">
      <Filter>C</Filter>
    </ClCompile>
    <ClCompile Include="..\..\..\c\Alloc.c">
      <Filter>C</Filter>
    </ClCompile>
    <ClCompile Include="..\..\..\c\Bcj2.c">
      <Filter>C</Filter>
    </ClCompile>
    <ClCompile Include="..\..\..\c\Bra.c">
      <Filter>C</Filter>
    </ClCompile>
    <ClCompile Include="..\..\..\c\Bra86.c">
      <Filter>C</Filter>
    </ClCompile>
    <ClCompile Include="..\..\..\c\BraIA64.c">
      <Filter>C</Filter>
    </ClCompile>
    <ClCompile Include="..\..\..\c\CpuArch.c">
      <Filter>C</Filter>
    </ClCompile>
    <ClCompile Include="..\..\..\c\Delta.c">
      <Filter>C</Filter>
    </ClCompile>
    <ClCompile Include="..\..\..\c\LzFind.c">
      <Filter>C</Filter>
    </ClCompile>
    <ClCompile Include="..\..\..\c\LzFindMt.c">
      <Filter>C</Filter>
    </ClCompile>
    <ClCompile Include="..\..\..\c\Lzma2Dec.c">
      <Filter>C</Filter>
    </ClCompile>
    <ClCompile Include="..\..\..\c\Lzma2Enc.c">
      <Filter>C</Filter>
    </ClCompile>
    <ClCompile Include="..\..\..\c\Lzma86Dec.c">
      <Filter>C</Filter>
    </ClCompile>
    <ClCompile Include="..\..\..\c\Lzma86Enc.c">
      <Filter>C</Filter>
    </ClCompile>
    <ClCompile Include="..\..\..\c\LzmaDec.c">
      <Filter>C</Filter>
    </ClCompile>
    <ClCompile Include="..\..\..\c\LzmaEnc.c">
      <Filter>C</Filter>
    </ClCompile>
    <ClCompile Include="..\..\..\c\LzmaLib.c">
      <Filter>C</Filter>
    </ClCompile>
    <ClCompile Include="..\..\..\c\MtCoder.c">
      <Filter>C</Filter>
    </ClCompile>
    <ClCompile Include="..\..\..\c\Ppmd7.c">
      <Filter>C</Filter>
    </ClCompile>
    <ClCompile Include="..\..\..\c\Ppmd7Dec.c">
      <Filter>C</Filter>
    </ClCompile>
    <ClCompile Include="..\..\..\c\Ppmd7Enc.c">
      <Filter>C</Filter>
    </ClCompile>
    <ClCompile Include="..\..\..\c\Sha256.c">
      <Filter>C</Filter>
    </ClCompile>
    <ClCompile Include="..\..\..\c\Threads.c">
      <Filter>C</Filter>
    </ClCompile>
    <ClCompile Include="..\..\..\c\Xz.c">
      <Filter>C</Filter>
    </ClCompile>
    <ClCompile Include="..\..\..\c\XzCrc64.c">
      <Filter>C</Filter>
    </ClCompile>
    <ClCompile Include="..\..\..\c\XzDec.c">
      <Filter>C</Filter>
    </ClCompile>
    <ClCompile Include="..\..\..\c\XzEnc.c">
      <Filter>C</Filter>
    </ClCompile>
    <ClCompile Include="..\..\..\c\XzIn.c">
      <Filter>C</Filter>
    </ClCompile>
  </ItemGroup>
  <ItemGroup>
    <ClInclude Include="StdAfx.h">
      <Filter>Spec</Filter>
    </ClInclude>
    <ClInclude Include="..\..\Compress\LzmaDecoder.h">
      <Filter>Compress</Filter>
    </ClInclude>
    <ClInclude Include="..\..\Compress\LzmaEncoder.h">
      <Filter>Compress</Filter>
    </ClInclude>
    <ClInclude Include="..\..\..\Windows\FileIO.h">
      <Filter>Windows</Filter>
    </ClInclude>
    <ClInclude Include="..\..\..\Windows\Synchronization.h">
      <Filter>Windows</Filter>
    </ClInclude>
    <ClInclude Include="..\..\..\Windows\System.h">
      <Filter>Windows</Filter>
    </ClInclude>
    <ClInclude Include="..\..\..\Windows\Thread.h">
      <Filter>Windows</Filter>
    </ClInclude>
    <ClInclude Include="..\..\..\Common\CommandLineParser.h">
      <Filter>Common</Filter>
    </ClInclude>
    <ClInclude Include="..\..\..\Common\ComTry.h">
      <Filter>Common</Filter>
    </ClInclude>
    <ClInclude Include="..\..\..\Common\Defs.h">
      <Filter>Common</Filter>
    </ClInclude>
    <ClInclude Include="..\..\..\Common\IntToString.h">
      <Filter>Common</Filter>
    </ClInclude>
    <ClInclude Include="..\..\..\Common\MyCom.h">
      <Filter>Common</Filter>
    </ClInclude>
    <ClInclude Include="..\..\..\Common\MyString.h">
      <Filter>Common</Filter>
    </ClInclude>
    <ClInclude Include="..\..\..\Common\MyUnknown.h">
      <Filter>Common</Filter>
    </ClInclude>
    <ClInclude Include="..\..\..\Common\MyVector.h">
      <Filter>Common</Filter>
    </ClInclude>
    <ClInclude Include="..\..\..\Common\MyWindows.h">
      <Filter>Common</Filter>
    </ClInclude>
    <ClInclude Include="..\..\..\Common\NewHandler.h">
      <Filter>Common</Filter>
    </ClInclude>
    <ClInclude Include="..\..\..\Common\StringConvert.h">
      <Filter>Common</Filter>
    </ClInclude>
    <ClInclude Include="..\..\..\Common\StringToInt.h">
      <Filter>Common</Filter>
    </ClInclude>
    <ClInclude Include="..\..\..\Common\Types.h">
      <Filter>Common</Filter>
    </ClInclude>
    <ClInclude Include="..\..\Common\CreateCoder.h">
      <Filter>7zip Common</Filter>
    </ClInclude>
    <ClInclude Include="..\..\Common\CWrappers.h">
      <Filter>7zip Common</Filter>
    </ClInclude>
    <ClInclude Include="..\..\Common\FileStreams.h">
      <Filter>7zip Common</Filter>
    </ClInclude>
    <ClInclude Include="..\..\Common\FilterCoder.h">
      <Filter>7zip Common</Filter>
    </ClInclude>
    <ClInclude Include="..\..\Common\StreamUtils.h">
      <Filter>7zip Common</Filter>
    </ClInclude>
    <ClInclude Include="..\..\UI\Common\Bench.h">
      <Filter>UI Common</Filter>
    </ClInclude>
    <ClInclude Include="..\..\UI\Common\LoadCodecs.h">
      <Filter>UI Common</Filter>
    </ClInclude>
    <ClInclude Include="..\..\UI\Console\BenchCon.h">
      <Filter>Console</Filter>
    </ClInclude>
    <ClInclude Include="..\..\UI\Console\ConsoleClose.h">
      <Filter>Console</Filter>
    </ClInclude>
    <ClInclude Include="..\..\..\c\7z.h">
      <Filter>C</Filter>
    </ClInclude>
    <ClInclude Include="..\..\..\c\7zAlloc.h">
      <Filter>C</Filter>
    </ClInclude>
    <ClInclude Include="..\..\..\c\7zBuf.h">
      <Filter>C</Filter>
    </ClInclude>
    <ClInclude Include="..\..\..\c\7zCrc.h">
      <Filter>C</Filter>
    </ClInclude>
    <ClInclude Include="..\..\..\c\7zFile.h">
      <Filter>C</Filter>
    </ClInclude>
    <ClInclude Include="..\..\..\c\7zVersion.h">
      <Filter>C</Filter>
    </ClInclude>
    <ClInclude Include="..\..\..\c\Alloc.h">
      <Filter>C</Filter>
    </ClInclude>
    <ClInclude Include="..\..\..\c\Bcj2.h">
      <Filter>C</Filter>
    </ClInclude>
    <ClInclude Include="..\..\..\c\Bra.h">
      <Filter>C</Filter>
    </ClInclude>
    <ClInclude Include="..\..\..\c\CpuArch.h">
      <Filter>C</Filter>
    </ClInclude>
    <ClInclude Include="..\..\..\c\Delta.h">
      <Filter>C</Filter>
    </ClInclude>
    <ClInclude Include="..\..\..\c\LzFind.h">
      <Filter>C</Filter>
    </ClInclude>
    <ClInclude Include="..\..\..\c\LzFindMt.h">
      <Filter>C</Filter>
    </ClInclude>
    <ClInclude Include="..\..\..\c\LzHash.h">
      <Filter>C</Filter>
    </ClInclude>
    <ClInclude Include="..\..\..\c\Lzma2Dec.h">
      <Filter>C</Filter>
    </ClInclude>
    <ClInclude Include="..\..\..\c\Lzma2Enc.h">
      <Filter>C</Filter>
    </ClInclude>
    <ClInclude Include="..\..\..\c\Lzma86.h">
      <Filter>C</Filter>
    </ClInclude>
    <ClInclude Include="..\..\..\c\LzmaDec.h">
      <Filter>C</Filter>
    </ClInclude>
    <ClInclude Include="..\..\..\c\LzmaEnc.h">
      <Filter>C</Filter>
    </ClInclude>
    <ClInclude Include="..\..\..\c\LzmaLib.h">
      <Filter>C</Filter>
    </ClInclude>
    <ClInclude Include="..\..\..\c\MtCoder.h">
      <Filter>C</Filter>
    </ClInclude>
    <ClInclude Include="..\..\..\c\Ppmd.h">
      <Filter>C</Filter>
    </ClInclude>
    <ClInclude Include="..\..\..\c\Ppmd7.h">
      <Filter>C</Filter>
    </ClInclude>
    <ClInclude Include="..\..\..\c\RotateDefs.h">
      <Filter>C</Filter>
    </ClInclude>
    <ClInclude Include="..\..\..\c\Sha256.h">
      <Filter>C</Filter>
    </ClInclude>
    <ClInclude Include="..\..\..\c\Threads.h">
      <Filter>C</Filter>
    </ClInclude>
    <ClInclude Include="..\..\..\c\Types.h">
      <Filter>C</Filter>
    </ClInclude>
    <ClInclude Include="..\..\..\c\Xz.h">
      <Filter>C</Filter>
    </ClInclude>
    <ClInclude Include="..\..\..\c\XzCrc64.h">
      <Filter>C</Filter>
    </ClInclude>
    <ClInclude Include="..\..\..\c\XzEnc.h">
      <Filter>C</Filter>
    </ClInclude>
  </ItemGroup>
</Project>